
Microsoft Visual Studio Solution File, Format Version 12.00
# Visual Studio Version 16
VisualStudioVersion = 16.0.30804.86
MinimumVisualStudioVersion = 10.0.40219.1
Project("{888888A0-9F3D-457C-B088-3A5042F75D52}") = "House Bot Code", "House Bot Code.pyproj", "{77E55D72-06C3-48F2-BEA1-772A2F10625B}"
EndProject
Global
	GlobalSection(SolutionConfigurationPlatforms) = preSolution
		Debug|Any CPU = Debug|Any CPU
		Release|Any CPU = Release|Any CPU
	EndGlobalSection
	GlobalSection(ProjectConfigurationPlatforms) = postSolution
		{77E55D72-06C3-48F2-BEA1-772A2F10625B}.Debug|Any CPU.ActiveCfg = Debug|Any CPU
		{77E55D72-06C3-48F2-BEA1-772A2F10625B}.Release|Any CPU.ActiveCfg = Release|Any CPU
	EndGlobalSection
	GlobalSection(SolutionProperties) = preSolution
		HideSolutionNode = FALSE
	EndGlobalSection
	GlobalSection(ExtensibilityGlobals) = postSolution
		SolutionGuid = {73A27095-483B-4F56-A276-716FC1E451DC}
	EndGlobalSection
EndGlobal
